
Microsoft Visual Studio Solution File, Format Version 12.00
# Visual Studio Version 16
VisualStudioVersion = 16.0.30002.166
MinimumVisualStudioVersion = 10.0.40219.1
Project("{9A19103F-16F7-4668-BE54-9A1E7A4F7556}") = "Models", "Models\Models.csproj", "{51DF66B2-5EA9-4FE0-94F4-400BCBEAD672}"
EndProject
Project("{9A19103F-16F7-4668-BE54-9A1E7A4F7556}") = "ModelTest", "ModelTest\ModelTest.csproj", "{0E758B36-7A11-449B-9932-67BF3B16B742}"
	ProjectSection(ProjectDependencies) = postProject
		{51DF66B2-5EA9-4FE0-94F4-400BCBEAD672} = {51DF66B2-5EA9-4FE0-94F4-400BCBEAD672}
	EndProjectSection
EndProject
Global
	GlobalSection(SolutionConfigurationPlatforms) = preSolution
		Debug|Any CPU = Debug|Any CPU
		Release|Any CPU = Release|Any CPU
	EndGlobalSection
	GlobalSection(ProjectConfigurationPlatforms) = postSolution
		{51DF66B2-5EA9-4FE0-94F4-400BCBEAD672}.Debug|Any CPU.ActiveCfg = Debug|Any CPU
		{51DF66B2-5EA9-4FE0-94F4-400BCBEAD672}.Debug|Any CPU.Build.0 = Debug|Any CPU
		{51DF66B2-5EA9-4FE0-94F4-400BCBEAD672}.Release|Any CPU.ActiveCfg = Release|Any CPU
		{51DF66B2-5EA9-4FE0-94F4-400BCBEAD672}.Release|Any CPU.Build.0 = Release|Any CPU
		{0E758B36-7A11-449B-9932-67BF3B16B742}.Debug|Any CPU.ActiveCfg = Debug|Any CPU
		{0E758B36-7A11-449B-9932-67BF3B16B742}.Debug|Any CPU.Build.0 = Debug|Any CPU
		{0E758B36-7A11-449B-9932-67BF3B16B742}.Release|Any CPU.ActiveCfg = Release|Any CPU
		{0E758B36-7A11-449B-9932-67BF3B16B742}.Release|Any CPU.Build.0 = Release|Any CPU
	EndGlobalSection
	GlobalSection(SolutionProperties) = preSolution
		HideSolutionNode = FALSE
	EndGlobalSection
	GlobalSection(ExtensibilityGlobals) = postSolution
		SolutionGuid = {7918B5EC-9B35-42B1-833F-26C8AEED1B8C}
	EndGlobalSection
EndGlobal
